
Microsoft Visual Studio Solution File, Format Version 12.00
# Visual Studio 15
VisualStudioVersion = 15.0.27428.2015
MinimumVisualStudioVersion = 10.0.40219.1
Project("{8BC9CEB8-8B4A-11D0-8D11-00A0C91BC942}") = "Library", "Library\Library.vcxproj", "{5B867AD9-4015-4DEC-B218-FF410C547FB9}"
EndProject
Global
	GlobalSection(SolutionConfigurationPlatforms) = preSolution
		Debug|x64 = Debug|x64
		Debug|x86 = Debug|x86
		Release|x64 = Release|x64
		Release|x86 = Release|x86
	EndGlobalSection
	GlobalSection(ProjectConfigurationPlatforms) = postSolution
		{5B867AD9-4015-4DEC-B218-FF410C547FB9}.Debug|x64.ActiveCfg = Debug|x64
		{5B867AD9-4015-4DEC-B218-FF410C547FB9}.Debug|x64.Build.0 = Debug|x64
		{5B867AD9-4015-4DEC-B218-FF410C547FB9}.Debug|x86.ActiveCfg = Debug|Win32
		{5B867AD9-4015-4DEC-B218-FF410C547FB9}.Debug|x86.Build.0 = Debug|Win32
		{5B867AD9-4015-4DEC-B218-FF410C547FB9}.Release|x64.ActiveCfg = Release|x64
		{5B867AD9-4015-4DEC-B218-FF410C547FB9}.Release|x64.Build.0 = Release|x64
		{5B867AD9-4015-4DEC-B218-FF410C547FB9}.Release|x86.ActiveCfg = Release|Win32
		{5B867AD9-4015-4DEC-B218-FF410C547FB9}.Release|x86.Build.0 = Release|Win32
	EndGlobalSection
	GlobalSection(SolutionProperties) = preSolution
		HideSolutionNode = FALSE
	EndGlobalSection
	GlobalSection(ExtensibilityGlobals) = postSolution
		SolutionGuid = {B39A8CED-2FB9-49A7-A3E0-5617BAFDFB24}
	EndGlobalSection
EndGlobal
